
Microsoft Visual Studio Solution File, Format Version 12.00
# Visual Studio Version 17
VisualStudioVersion = 17.14.36511.14
MinimumVisualStudioVersion = 10.0.40219.1
Project("{2150E333-8FDC-42A3-9474-1A3956D46DE8}") = "Backend", "Backend", "{02EA681E-C7D8-13C7-8484-4AC65E1B71E8}"
EndProject
Project("{2150E333-8FDC-42A3-9474-1A3956D46DE8}") = "UI", "UI", "{B9570999-D3C7-496C-B0B8-11E78736ADBB}"
EndProject
Project("{2150E333-8FDC-42A3-9474-1A3956D46DE8}") = "UnitTest", "UnitTest", "{D4458D38-7F57-495E-B79A-954AACD529C9}"
EndProject
Project("{FAE04EC0-301F-11D3-BF4B-00C04F79EFBC}") = "ePizza.UI", "ePizza.UI\ePizza.UI.csproj", "{1A470AD8-6032-4C43-B982-260A90584495}"
EndProject
Project("{2150E333-8FDC-42A3-9474-1A3956D46DE8}") = "Infrastructure", "Infrastructure", "{53BAC046-5E5B-4674-91F8-F2F62C3B2D70}"
EndProject
Project("{2150E333-8FDC-42A3-9474-1A3956D46DE8}") = "Domain", "Domain", "{3856C54C-0FC8-47A9-AA4A-F94D66B199DE}"
EndProject
Project("{2150E333-8FDC-42A3-9474-1A3956D46DE8}") = "Application", "Application", "{A77CA60A-9F9F-4CDC-8C47-74BAEDEDC50A}"
EndProject
Project("{2150E333-8FDC-42A3-9474-1A3956D46DE8}") = "API", "API", "{98456D8F-8A30-427B-8DE1-6F7C9B19E4AA}"
EndProject
Project("{FAE04EC0-301F-11D3-BF4B-00C04F79EFBC}") = "ePizza.API", "ePizza.API\ePizza.API.csproj", "{722D2D33-EF29-42E0-8372-A27C9AF844CE}"
EndProject
Project("{FAE04EC0-301F-11D3-BF4B-00C04F79EFBC}") = "ePizza.Application", "ePizza.Application\ePizza.Application.csproj", "{9594D675-5463-4A0C-BB1C-0700DA537C12}"
EndProject
Project("{FAE04EC0-301F-11D3-BF4B-00C04F79EFBC}") = "ePizza.Domain", "ePizza.Domain\ePizza.Domain.csproj", "{3357CF52-BF8E-4BA4-B1C9-58140E5B9E16}"
EndProject
Project("{FAE04EC0-301F-11D3-BF4B-00C04F79EFBC}") = "ePizza.Infrastructure", "ePizza.Infrastructure\ePizza.Infrastructure.csproj", "{F8B1118A-F19B-4B54-AEE5-68FF2B10C25F}"
EndProject
Project("{FAE04EC0-301F-11D3-BF4B-00C04F79EFBC}") = "ePizza.UI.Services", "ePizza.UI.Services\ePizza.UI.Services.csproj", "{0C378F94-9E25-4F63-8375-88F7F7CB68C3}"
EndProject
Project("{FAE04EC0-301F-11D3-BF4B-00C04F79EFBC}") = "ControllerTest", "ControllerTest\ControllerTest.csproj", "{FE911510-B746-47E1-B8D4-21E4219A9672}"
EndProject
Global
	GlobalSection(SolutionConfigurationPlatforms) = preSolution
		Debug|Any CPU = Debug|Any CPU
		Release|Any CPU = Release|Any CPU
	EndGlobalSection
	GlobalSection(ProjectConfigurationPlatforms) = postSolution
		{1A470AD8-6032-4C43-B982-260A90584495}.Debug|Any CPU.ActiveCfg = Debug|Any CPU
		{1A470AD8-6032-4C43-B982-260A90584495}.Debug|Any CPU.Build.0 = Debug|Any CPU
		{1A470AD8-6032-4C43-B982-260A90584495}.Release|Any CPU.ActiveCfg = Release|Any CPU
		{1A470AD8-6032-4C43-B982-260A90584495}.Release|Any CPU.Build.0 = Release|Any CPU
		{722D2D33-EF29-42E0-8372-A27C9AF844CE}.Debug|Any CPU.ActiveCfg = Debug|Any CPU
		{722D2D33-EF29-42E0-8372-A27C9AF844CE}.Debug|Any CPU.Build.0 = Debug|Any CPU
		{722D2D33-EF29-42E0-8372-A27C9AF844CE}.Release|Any CPU.ActiveCfg = Release|Any CPU
		{722D2D33-EF29-42E0-8372-A27C9AF844CE}.Release|Any CPU.Build.0 = Release|Any CPU
		{9594D675-5463-4A0C-BB1C-0700DA537C12}.Debug|Any CPU.ActiveCfg = Debug|Any CPU
		{9594D675-5463-4A0C-BB1C-0700DA537C12}.Debug|Any CPU.Build.0 = Debug|Any CPU
		{9594D675-5463-4A0C-BB1C-0700DA537C12}.Release|Any CPU.ActiveCfg = Release|Any CPU
		{9594D675-5463-4A0C-BB1C-0700DA537C12}.Release|Any CPU.Build.0 = Release|Any CPU
		{3357CF52-BF8E-4BA4-B1C9-58140E5B9E16}.Debug|Any CPU.ActiveCfg = Debug|Any CPU
		{3357CF52-BF8E-4BA4-B1C9-58140E5B9E16}.Debug|Any CPU.Build.0 = Debug|Any CPU
		{3357CF52-BF8E-4BA4-B1C9-58140E5B9E16}.Release|Any CPU.ActiveCfg = Release|Any CPU
		{3357CF52-BF8E-4BA4-B1C9-58140E5B9E16}.Release|Any CPU.Build.0 = Release|Any CPU
		{F8B1118A-F19B-4B54-AEE5-68FF2B10C25F}.Debug|Any CPU.ActiveCfg = Debug|Any CPU
		{F8B1118A-F19B-4B54-AEE5-68FF2B10C25F}.Debug|Any CPU.Build.0 = Debug|Any CPU
		{F8B1118A-F19B-4B54-AEE5-68FF2B10C25F}.Release|Any CPU.ActiveCfg = Release|Any CPU
		{F8B1118A-F19B-4B54-AEE5-68FF2B10C25F}.Release|Any CPU.Build.0 = Release|Any CPU
		{0C378F94-9E25-4F63-8375-88F7F7CB68C3}.Debug|Any CPU.ActiveCfg = Debug|Any CPU
		{0C378F94-9E25-4F63-8375-88F7F7CB68C3}.Debug|Any CPU.Build.0 = Debug|Any CPU
		{0C378F94-9E25-4F63-8375-88F7F7CB68C3}.Release|Any CPU.ActiveCfg = Release|Any CPU
		{0C378F94-9E25-4F63-8375-88F7F7CB68C3}.Release|Any CPU.Build.0 = Release|Any CPU
		{FE911510-B746-47E1-B8D4-21E4219A9672}.Debug|Any CPU.ActiveCfg = Debug|Any CPU
		{FE911510-B746-47E1-B8D4-21E4219A9672}.Debug|Any CPU.Build.0 = Debug|Any CPU
		{FE911510-B746-47E1-B8D4-21E4219A9672}.Release|Any CPU.ActiveCfg = Release|Any CPU
		{FE911510-B746-47E1-B8D4-21E4219A9672}.Release|Any CPU.Build.0 = Release|Any CPU
	EndGlobalSection
	GlobalSection(SolutionProperties) = preSolution
		HideSolutionNode = FALSE
	EndGlobalSection
	GlobalSection(NestedProjects) = preSolution
		{1A470AD8-6032-4C43-B982-260A90584495} = {B9570999-D3C7-496C-B0B8-11E78736ADBB}
		{53BAC046-5E5B-4674-91F8-F2F62C3B2D70} = {02EA681E-C7D8-13C7-8484-4AC65E1B71E8}
		{3856C54C-0FC8-47A9-AA4A-F94D66B199DE} = {02EA681E-C7D8-13C7-8484-4AC65E1B71E8}
		{A77CA60A-9F9F-4CDC-8C47-74BAEDEDC50A} = {02EA681E-C7D8-13C7-8484-4AC65E1B71E8}
		{98456D8F-8A30-427B-8DE1-6F7C9B19E4AA} = {02EA681E-C7D8-13C7-8484-4AC65E1B71E8}
		{722D2D33-EF29-42E0-8372-A27C9AF844CE} = {98456D8F-8A30-427B-8DE1-6F7C9B19E4AA}
		{9594D675-5463-4A0C-BB1C-0700DA537C12} = {A77CA60A-9F9F-4CDC-8C47-74BAEDEDC50A}
		{3357CF52-BF8E-4BA4-B1C9-58140E5B9E16} = {3856C54C-0FC8-47A9-AA4A-F94D66B199DE}
		{F8B1118A-F19B-4B54-AEE5-68FF2B10C25F} = {53BAC046-5E5B-4674-91F8-F2F62C3B2D70}
		{0C378F94-9E25-4F63-8375-88F7F7CB68C3} = {B9570999-D3C7-496C-B0B8-11E78736ADBB}
		{FE911510-B746-47E1-B8D4-21E4219A9672} = {D4458D38-7F57-495E-B79A-954AACD529C9}
	EndGlobalSection
	GlobalSection(ExtensibilityGlobals) = postSolution
		SolutionGuid = {24C0FC3C-5DCC-45AA-94A9-C1A9D72D4290}
	EndGlobalSection
EndGlobal
